
Microsoft Visual Studio Solution File, Format Version 12.00
# Visual Studio Version 16
VisualStudioVersion = 16.0.31112.23
MinimumVisualStudioVersion = 10.0.40219.1
Project("{FAE04EC0-301F-11D3-BF4B-00C04F79EFBC}") = "Cadastro_Funcionarios", "Aula1_VisualStudio\Cadastro_Funcionarios.csproj", "{A042FF6C-C52F-45CF-BEFB-166867D0D1CF}"
EndProject
Project("{FAE04EC0-301F-11D3-BF4B-00C04F79EFBC}") = "Cadastro_Mvc", "Cadastro_Mvc\Cadastro_Mvc.csproj", "{89F8C1A5-9788-4201-8089-A8721E9372BC}"
EndProject
Global
	GlobalSection(SolutionConfigurationPlatforms) = preSolution
		Debug|Any CPU = Debug|Any CPU
		Release|Any CPU = Release|Any CPU
	EndGlobalSection
	GlobalSection(ProjectConfigurationPlatforms) = postSolution
		{A042FF6C-C52F-45CF-BEFB-166867D0D1CF}.Debug|Any CPU.ActiveCfg = Debug|Any CPU
		{A042FF6C-C52F-45CF-BEFB-166867D0D1CF}.Debug|Any CPU.Build.0 = Debug|Any CPU
		{A042FF6C-C52F-45CF-BEFB-166867D0D1CF}.Release|Any CPU.ActiveCfg = Release|Any CPU
		{A042FF6C-C52F-45CF-BEFB-166867D0D1CF}.Release|Any CPU.Build.0 = Release|Any CPU
		{89F8C1A5-9788-4201-8089-A8721E9372BC}.Debug|Any CPU.ActiveCfg = Debug|Any CPU
		{89F8C1A5-9788-4201-8089-A8721E9372BC}.Debug|Any CPU.Build.0 = Debug|Any CPU
		{89F8C1A5-9788-4201-8089-A8721E9372BC}.Release|Any CPU.ActiveCfg = Release|Any CPU
		{89F8C1A5-9788-4201-8089-A8721E9372BC}.Release|Any CPU.Build.0 = Release|Any CPU
	EndGlobalSection
	GlobalSection(SolutionProperties) = preSolution
		HideSolutionNode = FALSE
	EndGlobalSection
	GlobalSection(ExtensibilityGlobals) = postSolution
		SolutionGuid = {7117201F-2F38-4A42-B7B1-8EFD9B29371C}
	EndGlobalSection
EndGlobal
